<?xml version="1.0" encoding="utf-8"?>
<Project ToolsVersion="4.0" xmlns="http://schemas.microsoft.com/developer/msbuild/2003">
  <ItemGroup>
    <Filter Include="资源文件">
      <UniqueIdentifier>{67DA6AB6-F800-4c08-8B7A-83BB121AAD01}</UniqueIdentifier>
      <Extensions>rc;ico;cur;bmp;dlg;rc2;rct;bin;rgs;gif;jpg;jpeg;jpe;resx;tiff;tif;png;wav;mfcribbon-ms</Extensions>
    </Filter>
    <Filter Include="Shader Files">
      <UniqueIdentifier>{1428c02d-bbd5-4282-8d62-7f84d753709f}</UniqueIdentifier>
    </Filter>
    <Filter Include="Shader Files\VertexShaders">
      <UniqueIdentifier>{8a26633e-e584-43cf-a3f7-de9af3b3cc79}</UniqueIdentifier>
    </Filter>
    <Filter Include="Shader Files\PixelShaders">
      <UniqueIdentifier>{9e5fdac2-6e6a-40a5-93bf-fda9302b3787}</UniqueIdentifier>
    </Filter>
    <Filter Include="Shader Files\Common">
      <UniqueIdentifier>{faf675ea-e3b3-4e9a-b552-354be8db8330}</UniqueIdentifier>
    </Filter>
    <Filter Include="Common">
      <UniqueIdentifier>{4974738a-2003-4e62-9a1d-e9353f49c25b}</UniqueIdentifier>
    </Filter>
    <Filter Include="Render Pass">
      <UniqueIdentifier>{6a9911cc-7c12-4546-9129-814c568330fb}</UniqueIdentifier>
    </Filter>
    <Filter Include="Render Pass\Header">
      <UniqueIdentifier>{d06c6df4-31b9-4473-90f8-0eda95b6e22a}</UniqueIdentifier>
    </Filter>
    <Filter Include="Render Pass\Source">
      <UniqueIdentifier>{60eed3a7-a094-41ad-ab1b-4f87712ab254}</UniqueIdentifier>
    </Filter>
    <Filter Include="Resource Manager">
      <UniqueIdentifier>{a29254b6-beca-4d95-b5f1-bcdb49c48489}</UniqueIdentifier>
    </Filter>
    <Filter Include="Resource Manager\Header">
      <UniqueIdentifier>{6e09b8aa-f13c-40d8-bbe1-62d0e7d573a4}</UniqueIdentifier>
    </Filter>
    <Filter Include="Resource Manager\Source">
      <UniqueIdentifier>{7e287231-1075-4a9b-80a5-12e8119e401f}</UniqueIdentifier>
    </Filter>
    <Filter Include="Amadeus">
      <UniqueIdentifier>{35c73a58-15a0-4043-a936-988192df56a3}</UniqueIdentifier>
    </Filter>
    <Filter Include="Amadeus\Header Files">
      <UniqueIdentifier>{93995380-89BD-4b04-88EB-625FBE52EBFB}</UniqueIdentifier>
      <Extensions>h;hh;hpp;hxx;h++;hm;inl;inc;ipp;xsd</Extensions>
    </Filter>
    <Filter Include="Amadeus\Source Files">
      <UniqueIdentifier>{4FC737F1-C7A5-4376-A066-2A32D752A2FF}</UniqueIdentifier>
      <Extensions>cpp;c;cc;cxx;c++;cppm;ixx;def;odl;idl;hpj;bat;asm;asmx</Extensions>
    </Filter>
    <Filter Include="Shader Files\ComputeShaders">
      <UniqueIdentifier>{00b15206-8d95-4e26-a757-c5ea2d7912e8}</UniqueIdentifier>
    </Filter>
  </ItemGroup>
  <ItemGroup>
    <ClInclude Include="Root.h">
      <Filter>Amadeus\Header Files</Filter>
    </ClInclude>
    <ClInclude Include="pch.h">
      <Filter>Amadeus\Header Files</Filter>
    </ClInclude>
    <ClInclude Include="Common\d3dx12.h">
      <Filter>Common</Filter>
    </ClInclude>
    <ClInclude Include="Common\DeviceResources.h">
      <Filter>Common</Filter>
    </ClInclude>
    <ClInclude Include="Common\StepTimer.h">
      <Filter>Common</Filter>
    </ClInclude>
    <ClInclude Include="Exports.h">
      <Filter>Amadeus\Header Files</Filter>
    </ClInclude>
    <ClInclude Include="Prerequisites.h">
      <Filter>Amadeus\Header Files</Filter>
    </ClInclude>
    <ClInclude Include="Common\AmadeusHelper.h">
      <Filter>Common</Filter>
    </ClInclude>
    <ClInclude Include="FrameGraph.h">
      <Filter>Amadeus\Header Files</Filter>
    </ClInclude>
    <ClInclude Include="RenderSystem.h">
      <Filter>Amadeus\Header Files</Filter>
    </ClInclude>
    <ClInclude Include="Common\Work.h">
      <Filter>Common</Filter>
    </ClInclude>
    <ClInclude Include="Common\WorkQueue.h">
      <Filter>Common</Filter>
    </ClInclude>
    <ClInclude Include="Enums.h">
      <Filter>Amadeus\Header Files</Filter>
    </ClInclude>
    <ClInclude Include="Observer.h">
      <Filter>Amadeus\Header Files</Filter>
    </ClInclude>
    <ClInclude Include="Registry.h">
      <Filter>Amadeus\Header Files</Filter>
    </ClInclude>
    <ClInclude Include="Subject.h">
      <Filter>Amadeus\Header Files</Filter>
    </ClInclude>
    <ClInclude Include="Common\DescriptorCache.h">
      <Filter>Common</Filter>
    </ClInclude>
    <ClInclude Include="Common\DescriptorManager.h">
      <Filter>Common</Filter>
    </ClInclude>
    <ClInclude Include="Program.h">
      <Filter>Resource Manager\Header</Filter>
    </ClInclude>
    <ClInclude Include="ProgramManager.h">
      <Filter>Resource Manager\Header</Filter>
    </ClInclude>
    <ClInclude Include="FinalPass.h">
      <Filter>Render Pass\Header</Filter>
    </ClInclude>
    <ClInclude Include="FrameGraphPass.h">
      <Filter>Amadeus\Header Files</Filter>
    </ClInclude>
    <ClInclude Include="GBufferPass.h">
      <Filter>Render Pass\Header</Filter>
    </ClInclude>
    <ClInclude Include="RenderPassRegistry.h">
      <Filter>Render Pass\Header</Filter>
    </ClInclude>
    <ClInclude Include="Camera.h">
      <Filter>Resource Manager\Header</Filter>
    </ClInclude>
    <ClInclude Include="CameraManager.h">
      <Filter>Resource Manager\Header</Filter>
    </ClInclude>
    <ClInclude Include="ResourceManagers.h">
      <Filter>Resource Manager\Header</Filter>
    </ClInclude>
    <ClInclude Include="Material.h">
      <Filter>Resource Manager\Header</Filter>
    </ClInclude>
    <ClInclude Include="MaterialManager.h">
      <Filter>Resource Manager\Header</Filter>
    </ClInclude>
    <ClInclude Include="Texture.h">
      <Filter>Resource Manager\Header</Filter>
    </ClInclude>
    <ClInclude Include="TextureManager.h">
      <Filter>Resource Manager\Header</Filter>
    </ClInclude>
    <ClInclude Include="Common\ThreadPool.h">
      <Filter>Common</Filter>
    </ClInclude>
    <ClInclude Include="GltfLoader.h">
      <Filter>Resource Manager\Header</Filter>
    </ClInclude>
    <ClInclude Include="Mesh.h">
      <Filter>Resource Manager\Header</Filter>
    </ClInclude>
    <ClInclude Include="MeshManager.h">
      <Filter>Resource Manager\Header</Filter>
    </ClInclude>
    <ClInclude Include="Primitive.h">
      <Filter>Resource Manager\Header</Filter>
    </ClInclude>
    <ClInclude Include="Common\RootSignature.h">
      <Filter>Common</Filter>
    </ClInclude>
    <ClInclude Include="DependencyGraph.h">
      <Filter>Amadeus\Header Files</Filter>
    </ClInclude>
    <ClInclude Include="FrameGraphResource.h">
      <Filter>Amadeus\Header Files</Filter>
    </ClInclude>
    <ClInclude Include="Light.h">
      <Filter>Resource Manager\Header</Filter>
    </ClInclude>
    <ClInclude Include="LightManager.h">
      <Filter>Resource Manager\Header</Filter>
    </ClInclude>
    <ClInclude Include="ShadowPass.h">
      <Filter>Render Pass\Header</Filter>
    </ClInclude>
    <ClInclude Include="SSAOPass.h">
      <Filter>Render Pass\Header</Filter>
    </ClInclude>
    <ClInclude Include="SSAOBlurPass.h">
      <Filter>Render Pass\Header</Filter>
    </ClInclude>
    <ClInclude Include="ZPrePass.h">
      <Filter>Render Pass\Header</Filter>
    </ClInclude>
    <ClInclude Include="TAAPass.h">
      <Filter>Render Pass\Header</Filter>
    </ClInclude>
    <ClInclude Include="Common\EngineVar.h">
      <Filter>Amadeus\Header Files</Filter>
    </ClInclude>
    <ClInclude Include="SkyboxPass.h">
      <Filter>Render Pass\Header</Filter>
    </ClInclude>
    <ClInclude Include="GBufferTransparentPass.h">
      <Filter>Render Pass\Header</Filter>
    </ClInclude>
  </ItemGroup>
  <ItemGroup>
    <ClCompile Include="Root.cpp">
      <Filter>Amadeus\Source Files</Filter>
    </ClCompile>
    <ClCompile Include="pch.cpp">
      <Filter>Amadeus\Source Files</Filter>
    </ClCompile>
    <ClCompile Include="Common\DeviceResources.cpp">
      <Filter>Common</Filter>
    </ClCompile>
    <ClCompile Include="FrameGraph.cpp">
      <Filter>Amadeus\Source Files</Filter>
    </ClCompile>
    <ClCompile Include="Common\DescriptorManager.cpp">
      <Filter>Common</Filter>
    </ClCompile>
    <ClCompile Include="Common\DescriptorCache.cpp">
      <Filter>Common</Filter>
    </ClCompile>
    <ClCompile Include="RenderSystem.cpp">
      <Filter>Amadeus\Source Files</Filter>
    </ClCompile>
    <ClCompile Include="ProgramManager.cpp">
      <Filter>Resource Manager\Source</Filter>
    </ClCompile>
    <ClCompile Include="Program.cpp">
      <Filter>Resource Manager\Source</Filter>
    </ClCompile>
    <ClCompile Include="FinalPass.cpp">
      <Filter>Render Pass\Source</Filter>
    </ClCompile>
    <ClCompile Include="FrameGraphPass.cpp">
      <Filter>Amadeus\Source Files</Filter>
    </ClCompile>
    <ClCompile Include="GBufferPass.cpp">
      <Filter>Render Pass\Source</Filter>
    </ClCompile>
    <ClCompile Include="RenderPassRegistry.cpp">
      <Filter>Render Pass\Source</Filter>
    </ClCompile>
    <ClCompile Include="Camera.cpp">
      <Filter>Resource Manager\Source</Filter>
    </ClCompile>
    <ClCompile Include="CameraManager.cpp">
      <Filter>Resource Manager\Source</Filter>
    </ClCompile>
    <ClCompile Include="Material.cpp">
      <Filter>Resource Manager\Source</Filter>
    </ClCompile>
    <ClCompile Include="MaterialManager.cpp">
      <Filter>Resource Manager\Source</Filter>
    </ClCompile>
    <ClCompile Include="Texture.cpp">
      <Filter>Resource Manager\Source</Filter>
    </ClCompile>
    <ClCompile Include="TextureManager.cpp">
      <Filter>Resource Manager\Source</Filter>
    </ClCompile>
    <ClCompile Include="GltfLoader.cpp">
      <Filter>Resource Manager\Source</Filter>
    </ClCompile>
    <ClCompile Include="Mesh.cpp">
      <Filter>Resource Manager\Source</Filter>
    </ClCompile>
    <ClCompile Include="MeshManager.cpp">
      <Filter>Resource Manager\Source</Filter>
    </ClCompile>
    <ClCompile Include="Primitive.cpp">
      <Filter>Resource Manager\Source</Filter>
    </ClCompile>
    <ClCompile Include="DependencyGraph.cpp">
      <Filter>Amadeus\Source Files</Filter>
    </ClCompile>
    <ClCompile Include="FrameGraphResource.cpp">
      <Filter>Amadeus\Source Files</Filter>
    </ClCompile>
    <ClCompile Include="Light.cpp">
      <Filter>Resource Manager\Source</Filter>
    </ClCompile>
    <ClCompile Include="LightManager.cpp">
      <Filter>Resource Manager\Source</Filter>
    </ClCompile>
    <ClCompile Include="ShadowPass.cpp">
      <Filter>Render Pass\Source</Filter>
    </ClCompile>
    <ClCompile Include="SSAOPass.cpp">
      <Filter>Render Pass\Source</Filter>
    </ClCompile>
    <ClCompile Include="SSAOBlurPass.cpp">
      <Filter>Render Pass\Source</Filter>
    </ClCompile>
    <ClCompile Include="ZPrePass.cpp">
      <Filter>Render Pass\Source</Filter>
    </ClCompile>
    <ClCompile Include="TAAPass.cpp">
      <Filter>Render Pass\Source</Filter>
    </ClCompile>
    <ClCompile Include="Common\EngineVar.cpp">
      <Filter>Amadeus\Source Files</Filter>
    </ClCompile>
    <ClCompile Include="SkyboxPass.cpp">
      <Filter>Render Pass\Source</Filter>
    </ClCompile>
    <ClCompile Include="GBufferTransparentPass.cpp">
      <Filter>Render Pass\Source</Filter>
    </ClCompile>
  </ItemGroup>
  <ItemGroup>
    <FxCompile Include="Shaders\GBuffer.hlsl">
      <Filter>Shader Files\PixelShaders</Filter>
    </FxCompile>
    <FxCompile Include="Shaders\Model.hlsl">
      <Filter>Shader Files\VertexShaders</Filter>
    </FxCompile>
    <FxCompile Include="Shaders\Common.hlsli">
      <Filter>Shader Files\Common</Filter>
    </FxCompile>
    <FxCompile Include="Shaders\PixelShader.hlsl">
      <Filter>Shader Files\PixelShaders</Filter>
    </FxCompile>
    <FxCompile Include="Shaders\ShadowMapPS.hlsl">
      <Filter>Shader Files\PixelShaders</Filter>
    </FxCompile>
    <FxCompile Include="Shaders\ShadowMapVS.hlsl">
      <Filter>Shader Files\VertexShaders</Filter>
    </FxCompile>
    <FxCompile Include="Shaders\VertexShader.hlsl">
      <Filter>Shader Files\VertexShaders</Filter>
    </FxCompile>
    <FxCompile Include="Shaders\ZPrePS.hlsl">
      <Filter>Shader Files\PixelShaders</Filter>
    </FxCompile>
    <FxCompile Include="Shaders\ScreenSpaceRS.hlsli">
      <Filter>Shader Files\Common</Filter>
    </FxCompile>
    <FxCompile Include="Shaders\ZPreVS.hlsl">
      <Filter>Shader Files\VertexShaders</Filter>
    </FxCompile>
    <FxCompile Include="Shaders\TAAVS.hlsl">
      <Filter>Shader Files\VertexShaders</Filter>
    </FxCompile>
    <FxCompile Include="Shaders\TAAPS.hlsl">
      <Filter>Shader Files\PixelShaders</Filter>
    </FxCompile>
    <FxCompile Include="Shaders\TAARS.hlsli">
      <Filter>Shader Files\Common</Filter>
    </FxCompile>
    <FxCompile Include="Shaders\SSAO.hlsl">
      <Filter>Shader Files\PixelShaders</Filter>
    </FxCompile>
    <FxCompile Include="Shaders\SSAOBlur.hlsl">
      <Filter>Shader Files\PixelShaders</Filter>
    </FxCompile>
    <FxCompile Include="Shaders\ScreenSpaceVS.hlsl">
      <Filter>Shader Files\VertexShaders</Filter>
    </FxCompile>
    <FxCompile Include="Shaders\SkyboxRS.hlsli">
      <Filter>Shader Files\Common</Filter>
    </FxCompile>
    <FxCompile Include="Shaders\SkyboxVS.hlsl">
      <Filter>Shader Files\VertexShaders</Filter>
    </FxCompile>
    <FxCompile Include="Shaders\SkyboxPS.hlsl">
      <Filter>Shader Files\PixelShaders</Filter>
    </FxCompile>
    <FxCompile Include="Shaders\GBufferTransparent.hlsl">
      <Filter>Shader Files\PixelShaders</Filter>
    </FxCompile>
  </ItemGroup>
  <ItemGroup>
    <None Include="packages.config" />
  </ItemGroup>
</Project>